{
  "name": "repo_01",
  "version": "1.0.0",
  "lockfileVersion": 1,
  "requires": true,
  "dependencies": {
    "private_repo_as_dependency": {
      "version": "git+https://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:x-oauth-basic@github.com/s-soroczynski/private_repo_as_dependency.git#4eb2a1a5c5115f76fe456f9493e2c8da26e20f95",
      "from": "git+https://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:x-oauth-basic@github.com/s-soroczynski/private_repo_as_dependency.git"
    },
    "repo_as_dependency": {
      "version": "github:s-soroczynski/repo_as_dependency#86b266ac8f55d9f512d130a524dc4785397c180b",
      "from": "github:s-soroczynski/repo_as_dependency#0.2.0"
    }
  }
}
