{
  "name": "repo_01",
  "version": "1.0.0",
  "lockfileVersion": 1,
  "requires": true,
  "dependencies": {
    "repo_as_dependency": {
      "version": "github:s-soroczynski/repo_as_dependency#86b266ac8f55d9f512d130a524dc4785397c180b",
      "from": "github:s-soroczynski/repo_as_dependency#0.2.0"
    }
  }
}
